
Microsoft Visual Studio Solution File, Format Version 12.00
# Visual Studio 15
VisualStudioVersion = 15.0.28307.329
MinimumVisualStudioVersion = 10.0.40219.1
Project("{FAE04EC0-301F-11D3-BF4B-00C04F79EFBC}") = "ByteStreamPOC", "ConsoleApp4\ByteStreamPOC.csproj", "{196D00F0-07D5-466A-BDB8-86D9D452A5E7}"
EndProject
Global
	GlobalSection(SolutionConfigurationPlatforms) = preSolution
		Debug|Any CPU = Debug|Any CPU
		Release|Any CPU = Release|Any CPU
	EndGlobalSection
	GlobalSection(ProjectConfigurationPlatforms) = postSolution
		{196D00F0-07D5-466A-BDB8-86D9D452A5E7}.Debug|Any CPU.ActiveCfg = Debug|Any CPU
		{196D00F0-07D5-466A-BDB8-86D9D452A5E7}.Debug|Any CPU.Build.0 = Debug|Any CPU
		{196D00F0-07D5-466A-BDB8-86D9D452A5E7}.Release|Any CPU.ActiveCfg = Release|Any CPU
		{196D00F0-07D5-466A-BDB8-86D9D452A5E7}.Release|Any CPU.Build.0 = Release|Any CPU
	EndGlobalSection
	GlobalSection(SolutionProperties) = preSolution
		HideSolutionNode = FALSE
	EndGlobalSection
	GlobalSection(ExtensibilityGlobals) = postSolution
		SolutionGuid = {03B490EC-9000-423E-9C93-359F35B38A4A}
	EndGlobalSection
EndGlobal
